PODS:
  - Device (3.2.1)
  - RainbowBar (0.1.0):
    - Device (~> 3.2.1)

DEPENDENCIES:
  - RainbowBar (from `../`)

SPEC REPOS:
  trunk:
    - Device

EXTERNAL SOURCES:
  RainbowBar:
    :path: "../"

SPEC CHECKSUMS:
  Device: 0738862dd8a30856b4bd9e21cb9b728873d21392
  RainbowBar: 12631589acd06dafe9564ebc6f309e0db41dbe77

PODFILE CHECKSUM: 91b5dd08ab9d29d0c2c2d66c8ad5000e9fe62f94

COCOAPODS: 1.8.4
