PODS:
  - DeviceKit (2.3.0)
  - RainbowBar (0.1.0):
    - DeviceKit (~> 2.0)

DEPENDENCIES:
  - RainbowBar (from `../`)

SPEC REPOS:
  trunk:
    - DeviceKit

EXTERNAL SOURCES:
  RainbowBar:
    :path: "../"

SPEC CHECKSUMS:
  DeviceKit: da103891aa928d89f64ea8dd8aca738c5f3d8ac0
  RainbowBar: cc5be19dd95de0c5b2fbcbdccf9bcdeabe6bf170

PODFILE CHECKSUM: 91b5dd08ab9d29d0c2c2d66c8ad5000e9fe62f94

COCOAPODS: 1.8.4
