PODS:
  - DeviceKit (2.3.0)
  - RainbowBar (0.2.0):
    - DeviceKit (~> 2.0)

DEPENDENCIES:
  - RainbowBar (from `../`)

SPEC REPOS:
  trunk:
    - DeviceKit

EXTERNAL SOURCES:
  RainbowBar:
    :path: "../"

SPEC CHECKSUMS:
  DeviceKit: da103891aa928d89f64ea8dd8aca738c5f3d8ac0
  RainbowBar: 2f88a928f61ac074310fe8953a8fe2d76ca58f1e

PODFILE CHECKSUM: 91b5dd08ab9d29d0c2c2d66c8ad5000e9fe62f94

COCOAPODS: 1.9.1
