// !$*UTF8*$!
{
	archiveVersion = 1;
	classes = {
	};
	objectVersion = 51;
	objects = {

/* Begin PBXBuildFile section */
		90050784E805AB213A6C5C9F /* Pods_RainbowBarExample.framework in Frameworks */ = {isa = PBXBuildFile; fileRef = FE29068BE8D4A018A9D9F5A0 /* Pods_RainbowBarExample.framework */; };
		A30B4B10240FFE9300AC15EE /* ExampleView.swift in Sources */ = {isa = PBXBuildFile; fileRef = A30B4B0F240FFE9300AC15EE /* ExampleView.swift */; };
		A3FFE0B923EDBF2B00D3C7C2 /* AppDelegate.swift in Sources */ = {isa = PBXBuildFile; fileRef = A3FFE0B823EDBF2B00D3C7C2 /* AppDelegate.swift */; };
		A3FFE0BB23EDBF2B00D3C7C2 /* SceneDelegate.swift in Sources */ = {isa = PBXBuildFile; fileRef = A3FFE0BA23EDBF2B00D3C7C2 /* SceneDelegate.swift */; };
		A3FFE0BD23EDBF2B00D3C7C2 /* RainbowBar.swift in Sources */ = {isa = PBXBuildFile; fileRef = A3FFE0BC23EDBF2B00D3C7C2 /* RainbowBar.swift */; };
		A3FFE0BF23EDBF2F00D3C7C2 /* Assets.xcassets in Resources */ = {isa = PBXBuildFile; fileRef = A3FFE0BE23EDBF2F00D3C7C2 /* Assets.xcassets */; };
		A3FFE0C223EDBF2F00D3C7C2 /* Preview Assets.xcassets in Resources */ = {isa = PBXBuildFile; fileRef = A3FFE0C123EDBF2F00D3C7C2 /* Preview Assets.xcassets */; };
		A3FFE0C523EDBF2F00D3C7C2 /* LaunchScreen.storyboard in Resources */ = {isa = PBXBuildFile; fileRef = A3FFE0C323EDBF2F00D3C7C2 /* LaunchScreen.storyboard */; };
/* End PBXBuildFile section */

/* Begin PBXFileReference section */
		A30B4B0F240FFE9300AC15EE /* ExampleView.swift */ = {isa = PBXFileReference; lastKnownFileType = sourcecode.swift; path = ExampleView.swift; sourceTree = "<group>"; };
		A3FFE0B523EDBF2B00D3C7C2 /* RainbowBarExample.app */ = {isa = PBXFileReference; explicitFileType = wrapper.application; includeInIndex = 0; path = RainbowBarExample.app; sourceTree = BUILT_PRODUCTS_DIR; };
		A3FFE0B823EDBF2B00D3C7C2 /* AppDelegate.swift */ = {isa = PBXFileReference; lastKnownFileType = sourcecode.swift; path = AppDelegate.swift; sourceTree = "<group>"; };
		A3FFE0BA23EDBF2B00D3C7C2 /* SceneDelegate.swift */ = {isa = PBXFileReference; lastKnownFileType = sourcecode.swift; path = SceneDelegate.swift; sourceTree = "<group>"; };
		A3FFE0BC23EDBF2B00D3C7C2 /* RainbowBar.swift */ = {isa = PBXFileReference; lastKnownFileType = sourcecode.swift; path = RainbowBar.swift; sourceTree = "<group>"; };
		A3FFE0BE23EDBF2F00D3C7C2 /* Assets.xcassets */ = {isa = PBXFileReference; lastKnownFileType = folder.assetcatalog; path = Assets.xcassets; sourceTree = "<group>"; };
		A3FFE0C123EDBF2F00D3C7C2 /* Preview Assets.xcassets */ = {isa = PBXFileReference; lastKnownFileType = folder.assetcatalog; path = "Preview Assets.xcassets"; sourceTree = "<group>"; };
		A3FFE0C423EDBF2F00D3C7C2 /* Base */ = {isa = PBXFileReference; lastKnownFileType = file.storyboard; name = Base; path = Base.lproj/LaunchScreen.storyboard; sourceTree = "<group>"; };
		A3FFE0C623EDBF2F00D3C7C2 /* Info.plist */ = {isa = PBXFileReference; lastKnownFileType = text.plist.xml; path = Info.plist; sourceTree = "<group>"; };
		C97B445DE819127A4353D9F2 /* Pods-RainbowBarExample.debug.xcconfig */ = {isa = PBXFileReference; includeInIndex = 1; lastKnownFileType = text.xcconfig; name = "Pods-RainbowBarExample.debug.xcconfig"; path = "Target Support Files/Pods-RainbowBarExample/Pods-RainbowBarExample.debug.xcconfig"; sourceTree = "<group>"; };
		CB88A00206F871D3DB0BECA3 /* Pods-RainbowBarExample.release.xcconfig */ = {isa = PBXFileReference; includeInIndex = 1; lastKnownFileType = text.xcconfig; name = "Pods-RainbowBarExample.release.xcconfig"; path = "Target Support Files/Pods-RainbowBarExample/Pods-RainbowBarExample.release.xcconfig"; sourceTree = "<group>"; };
		FE29068BE8D4A018A9D9F5A0 /* Pods_RainbowBarExample.framework */ = {isa = PBXFileReference; explicitFileType = wrapper.framework; includeInIndex = 0; path = Pods_RainbowBarExample.framework; sourceTree = BUILT_PRODUCTS_DIR; };
/* End PBXFileReference section */

/* Begin PBXFrameworksBuildPhase section */
		A3FFE0B223EDBF2B00D3C7C2 /* Frameworks */ = {
			isa = PBXFrameworksBuildPhase;
			buildActionMask = 2147483647;
			files = (
				90050784E805AB213A6C5C9F /* Pods_RainbowBarExample.framework in Frameworks */,
			);
			runOnlyForDeploymentPostprocessing = 0;
		};
/* End PBXFrameworksBuildPhase section */

/* Begin PBXGroup section */
		5CCF3C582602A76CE9A5F367 /* Pods */ = {
			isa = PBXGroup;
			children = (
				C97B445DE819127A4353D9F2 /* Pods-RainbowBarExample.debug.xcconfig */,
				CB88A00206F871D3DB0BECA3 /* Pods-RainbowBarExample.release.xcconfig */,
			);
			path = Pods;
			sourceTree = "<group>";
		};
		A3FFE0AC23EDBF2B00D3C7C2 = {
			isa = PBXGroup;
			children = (
				A3FFE0B723EDBF2B00D3C7C2 /* RainbowBarExample */,
				A3FFE0B623EDBF2B00D3C7C2 /* Products */,
				5CCF3C582602A76CE9A5F367 /* Pods */,
				A9465F884BD0D867FAE1CC92 /* Frameworks */,
			);
			sourceTree = "<group>";
		};
		A3FFE0B623EDBF2B00D3C7C2 /* Products */ = {
			isa = PBXGroup;
			children = (
				A3FFE0B523EDBF2B00D3C7C2 /* RainbowBarExample.app */,
			);
			name = Products;
			sourceTree = "<group>";
		};
		A3FFE0B723EDBF2B00D3C7C2 /* RainbowBarExample */ = {
			isa = PBXGroup;
			children = (
				A3FFE0B823EDBF2B00D3C7C2 /* AppDelegate.swift */,
				A3FFE0BA23EDBF2B00D3C7C2 /* SceneDelegate.swift */,
				A3FFE0BC23EDBF2B00D3C7C2 /* RainbowBar.swift */,
				A30B4B0F240FFE9300AC15EE /* ExampleView.swift */,
				A3FFE0BE23EDBF2F00D3C7C2 /* Assets.xcassets */,
				A3FFE0C323EDBF2F00D3C7C2 /* LaunchScreen.storyboard */,
				A3FFE0C623EDBF2F00D3C7C2 /* Info.plist */,
				A3FFE0C023EDBF2F00D3C7C2 /* Preview Content */,
			);
			path = RainbowBarExample;
			sourceTree = "<group>";
		};
		A3FFE0C023EDBF2F00D3C7C2 /* Preview Content */ = {
			isa = PBXGroup;
			children = (
				A3FFE0C123EDBF2F00D3C7C2 /* Preview Assets.xcassets */,
			);
			path = "Preview Content";
			sourceTree = "<group>";
		};
		A9465F884BD0D867FAE1CC92 /* Frameworks */ = {
			isa = PBXGroup;
			children = (
				FE29068BE8D4A018A9D9F5A0 /* Pods_RainbowBarExample.framework */,
			);
			name = Frameworks;
			sourceTree = "<group>";
		};
/* End PBXGroup section */

/* Begin PBXNativeTarget section */
		A3FFE0B423EDBF2B00D3C7C2 /* RainbowBarExample */ = {
			isa = PBXNativeTarget;
			buildConfigurationList = A3FFE0C923EDBF2F00D3C7C2 /* Build configuration list for PBXNativeTarget "RainbowBarExample" */;
			buildPhases = (
				6A3701EB41ED0075C2559AC6 /* [CP] Check Pods Manifest.lock */,
				A3FFE0B123EDBF2B00D3C7C2 /* Sources */,
				A3FFE0B223EDBF2B00D3C7C2 /* Frameworks */,
				A3FFE0B323EDBF2B00D3C7C2 /* Resources */,
				526B34E56F2A426264C383F4 /* [CP] Embed Pods Frameworks */,
			);
			buildRules = (
			);
			dependencies = (
			);
			name = RainbowBarExample;
			productName = RainbowBarExample;
			productReference = A3FFE0B523EDBF2B00D3C7C2 /* RainbowBarExample.app */;
			productType = "com.apple.product-type.application";
		};
/* End PBXNativeTarget section */

/* Begin PBXProject section */
		A3FFE0AD23EDBF2B00D3C7C2 /* Project object */ = {
			isa = PBXProject;
			attributes = {
				LastSwiftUpdateCheck = 1130;
				LastUpgradeCheck = 1130;
				ORGANIZATIONNAME = Distillery;
				TargetAttributes = {
					A3FFE0B423EDBF2B00D3C7C2 = {
						CreatedOnToolsVersion = 11.3.1;
					};
				};
			};
			buildConfigurationList = A3FFE0B023EDBF2B00D3C7C2 /* Build configuration list for PBXProject "RainbowBarExample" */;
			compatibilityVersion = "Xcode 9.3";
			developmentRegion = en;
			hasScannedForEncodings = 0;
			knownRegions = (
				en,
				Base,
			);
			mainGroup = A3FFE0AC23EDBF2B00D3C7C2;
			productRefGroup = A3FFE0B623EDBF2B00D3C7C2 /* Products */;
			projectDirPath = "";
			projectRoot = "";
			targets = (
				A3FFE0B423EDBF2B00D3C7C2 /* RainbowBarExample */,
			);
		};
/* End PBXProject section */

/* Begin PBXResourcesBuildPhase section */
		A3FFE0B323EDBF2B00D3C7C2 /* Resources */ = {
			isa = PBXResourcesBuildPhase;
			buildActionMask = 2147483647;
			files = (
				A3FFE0C523EDBF2F00D3C7C2 /* LaunchScreen.storyboard in Resources */,
				A3FFE0C223EDBF2F00D3C7C2 /* Preview Assets.xcassets in Resources */,
				A3FFE0BF23EDBF2F00D3C7C2 /* Assets.xcassets in Resources */,
			);
			runOnlyForDeploymentPostprocessing = 0;
		};
/* End PBXResourcesBuildPhase section */

/* Begin PBXShellScriptBuildPhase section */
		526B34E56F2A426264C383F4 /* [CP] Embed Pods Frameworks */ = {
			isa = PBXShellScriptBuildPhase;
			buildActionMask = 2147483647;
			files = (
			);
			inputFileListPaths = (
				"${PODS_ROOT}/Target Support Files/Pods-RainbowBarExample/Pods-RainbowBarExample-frameworks-${CONFIGURATION}-input-files.xcfilelist",
			);
			name = "[CP] Embed Pods Frameworks";
			outputFileListPaths = (
				"${PODS_ROOT}/Target Support Files/Pods-RainbowBarExample/Pods-RainbowBarExample-frameworks-${CONFIGURATION}-output-files.xcfilelist",
			);
			runOnlyForDeploymentPostprocessing = 0;
			shellPath = /bin/sh;
			shellScript = "\"${PODS_ROOT}/Target Support Files/Pods-RainbowBarExample/Pods-RainbowBarExample-frameworks.sh\"\n";
			showEnvVarsInLog = 0;
		};
		6A3701EB41ED0075C2559AC6 /* [CP] Check Pods Manifest.lock */ = {
			isa = PBXShellScriptBuildPhase;
			buildActionMask = 2147483647;
			files = (
			);
			inputFileListPaths = (
			);
			inputPaths = (
				"${PODS_PODFILE_DIR_PATH}/Podfile.lock",
				"${PODS_ROOT}/Manifest.lock",
			);
			name = "[CP] Check Pods Manifest.lock";
			outputFileListPaths = (
			);
			outputPaths = (
				"$(DERIVED_FILE_DIR)/Pods-RainbowBarExample-checkManifestLockResult.txt",
			);
			runOnlyForDeploymentPostprocessing = 0;
			shellPath = /bin/sh;
			shellScript = "diff \"${PODS_PODFILE_DIR_PATH}/Podfile.lock\" \"${PODS_ROOT}/Manifest.lock\" > /dev/null\nif [ $? != 0 ] ; then\n    # print error to STDERR\n    echo \"error: The sandbox is not in sync with the Podfile.lock. Run 'pod install' or update your CocoaPods installation.\" >&2\n    exit 1\nfi\n# This output is used by Xcode 'outputs' to avoid re-running this script phase.\necho \"SUCCESS\" > \"${SCRIPT_OUTPUT_FILE_0}\"\n";
			showEnvVarsInLog = 0;
		};
/* End PBXShellScriptBuildPhase section */

/* Begin PBXSourcesBuildPhase section */
		A3FFE0B123EDBF2B00D3C7C2 /* Sources */ = {
			isa = PBXSourcesBuildPhase;
			buildActionMask = 2147483647;
			files = (
				A3FFE0B923EDBF2B00D3C7C2 /* AppDelegate.swift in Sources */,
				A3FFE0BB23EDBF2B00D3C7C2 /* SceneDelegate.swift in Sources */,
				A3FFE0BD23EDBF2B00D3C7C2 /* RainbowBar.swift in Sources */,
				A30B4B10240FFE9300AC15EE /* ExampleView.swift in Sources */,
			);
			runOnlyForDeploymentPostprocessing = 0;
		};
/* End PBXSourcesBuildPhase section */

/* Begin PBXVariantGroup section */
		A3FFE0C323EDBF2F00D3C7C2 /* LaunchScreen.storyboard */ = {
			isa = PBXVariantGroup;
			children = (
				A3FFE0C423EDBF2F00D3C7C2 /* Base */,
			);
			name = LaunchScreen.storyboard;
			sourceTree = "<group>";
		};
/* End PBXVariantGroup section */

/* Begin XCBuildConfiguration section */
		A3FFE0C723EDBF2F00D3C7C2 /* Debug */ = {
			isa = XCBuildConfiguration;
			buildSettings = {
				ALWAYS_SEARCH_USER_PATHS = NO;
				CLANG_ANALYZER_NONNULL = YES;
				CLANG_ANALYZER_NUMBER_OBJECT_CONVERSION = YES_AGGRESSIVE;
				CLANG_CXX_LANGUAGE_STANDARD = "gnu++14";
				CLANG_CXX_LIBRARY = "libc++";
				CLANG_ENABLE_MODULES = YES;
				CLANG_ENABLE_OBJC_ARC = YES;
				CLANG_ENABLE_OBJC_WEAK = YES;
				CLANG_WARN_BLOCK_CAPTURE_AUTORELEASING = YES;
				CLANG_WARN_BOOL_CONVERSION = YES;
				CLANG_WARN_COMMA = YES;
				CLANG_WARN_CONSTANT_CONVERSION = YES;
				CLANG_WARN_DEPRECATED_OBJC_IMPLEMENTATIONS = YES;
				CLANG_WARN_DIRECT_OBJC_ISA_USAGE = YES_ERROR;
				CLANG_WARN_DOCUMENTATION_COMMENTS = YES;
				CLANG_WARN_EMPTY_BODY = YES;
				CLANG_WARN_ENUM_CONVERSION = YES;
				CLANG_WARN_INFINITE_RECURSION = YES;
				CLANG_WARN_INT_CONVERSION = YES;
				CLANG_WARN_NON_LITERAL_NULL_CONVERSION = YES;
				CLANG_WARN_OBJC_IMPLICIT_RETAIN_SELF = YES;
				CLANG_WARN_OBJC_LITERAL_CONVERSION = YES;
				CLANG_WARN_OBJC_ROOT_CLASS = YES_ERROR;
				CLANG_WARN_RANGE_LOOP_ANALYSIS = YES;
				CLANG_WARN_STRICT_PROTOTYPES = YES;
				CLANG_WARN_SUSPICIOUS_MOVE = YES;
				CLANG_WARN_UNGUARDED_AVAILABILITY = YES_AGGRESSIVE;
				CLANG_WARN_UNREACHABLE_CODE = YES;
				CLANG_WARN__DUPLICATE_METHOD_MATCH = YES;
				COPY_PHASE_STRIP = NO;
				DEBUG_INFORMATION_FORMAT = dwarf;
				ENABLE_STRICT_OBJC_MSGSEND = YES;
				ENABLE_TESTABILITY = YES;
				GCC_C_LANGUAGE_STANDARD = gnu11;
				GCC_DYNAMIC_NO_PIC = NO;
				GCC_NO_COMMON_BLOCKS = YES;
				GCC_OPTIMIZATION_LEVEL = 0;
				GCC_PREPROCESSOR_DEFINITIONS = (
					"DEBUG=1",
					"$(inherited)",
				);
				GCC_WARN_64_TO_32_BIT_CONVERSION = YES;
				GCC_WARN_ABOUT_RETURN_TYPE = YES_ERROR;
				GCC_WARN_UNDECLARED_SELECTOR = YES;
				GCC_WARN_UNINITIALIZED_AUTOS = YES_AGGRESSIVE;
				GCC_WARN_UNUSED_FUNCTION = YES;
				GCC_WARN_UNUSED_VARIABLE = YES;
				IPHONEOS_DEPLOYMENT_TARGET = 13.2;
				MTL_ENABLE_DEBUG_INFO = INCLUDE_SOURCE;
				MTL_FAST_MATH = YES;
				ONLY_ACTIVE_ARCH = YES;
				SDKROOT = iphoneos;
				SWIFT_ACTIVE_COMPILATION_CONDITIONS = DEBUG;
				SWIFT_OPTIMIZATION_LEVEL = "-Onone";
			};
			name = Debug;
		};
		A3FFE0C823EDBF2F00D3C7C2 /* Release */ = {
			isa = XCBuildConfiguration;
			buildSettings = {
				ALWAYS_SEARCH_USER_PATHS = NO;
				CLANG_ANALYZER_NONNULL = YES;
				CLANG_ANALYZER_NUMBER_OBJECT_CONVERSION = YES_AGGRESSIVE;
				CLANG_CXX_LANGUAGE_STANDARD = "gnu++14";
				CLANG_CXX_LIBRARY = "libc++";
				CLANG_ENABLE_MODULES = YES;
				CLANG_ENABLE_OBJC_ARC = YES;
				CLANG_ENABLE_OBJC_WEAK = YES;
				CLANG_WARN_BLOCK_CAPTURE_AUTORELEASING = YES;
				CLANG_WARN_BOOL_CONVERSION = YES;
				CLANG_WARN_COMMA = YES;
				CLANG_WARN_CONSTANT_CONVERSION = YES;
				CLANG_WARN_DEPRECATED_OBJC_IMPLEMENTATIONS = YES;
				CLANG_WARN_DIRECT_OBJC_ISA_USAGE = YES_ERROR;
				CLANG_WARN_DOCUMENTATION_COMMENTS = YES;
				CLANG_WARN_EMPTY_BODY = YES;
				CLANG_WARN_ENUM_CONVERSION = YES;
				CLANG_WARN_INFINITE_RECURSION = YES;
				CLANG_WARN_INT_CONVERSION = YES;
				CLANG_WARN_NON_LITERAL_NULL_CONVERSION = YES;
				CLANG_WARN_OBJC_IMPLICIT_RETAIN_SELF = YES;
				CLANG_WARN_OBJC_LITERAL_CONVERSION = YES;
				CLANG_WARN_OBJC_ROOT_CLASS = YES_ERROR;
				CLANG_WARN_RANGE_LOOP_ANALYSIS = YES;
				CLANG_WARN_STRICT_PROTOTYPES = YES;
				CLANG_WARN_SUSPICIOUS_MOVE = YES;
				CLANG_WARN_UNGUARDED_AVAILABILITY = YES_AGGRESSIVE;
				CLANG_WARN_UNREACHABLE_CODE = YES;
				CLANG_WARN__DUPLICATE_METHOD_MATCH = YES;
				COPY_PHASE_STRIP = NO;
				DEBUG_INFORMATION_FORMAT = "dwarf-with-dsym";
				ENABLE_NS_ASSERTIONS = NO;
				ENABLE_STRICT_OBJC_MSGSEND = YES;
				GCC_C_LANGUAGE_STANDARD = gnu11;
				GCC_NO_COMMON_BLOCKS = YES;
				GCC_WARN_64_TO_32_BIT_CONVERSION = YES;
				GCC_WARN_ABOUT_RETURN_TYPE = YES_ERROR;
				GCC_WARN_UNDECLARED_SELECTOR = YES;
				GCC_WARN_UNINITIALIZED_AUTOS = YES_AGGRESSIVE;
				GCC_WARN_UNUSED_FUNCTION = YES;
				GCC_WARN_UNUSED_VARIABLE = YES;
				IPHONEOS_DEPLOYMENT_TARGET = 13.2;
				MTL_ENABLE_DEBUG_INFO = NO;
				MTL_FAST_MATH = YES;
				SDKROOT = iphoneos;
				SWIFT_COMPILATION_MODE = wholemodule;
				SWIFT_OPTIMIZATION_LEVEL = "-O";
				VALIDATE_PRODUCT = YES;
			};
			name = Release;
		};
		A3FFE0CA23EDBF2F00D3C7C2 /* Debug */ = {
			isa = XCBuildConfiguration;
			baseConfigurationReference = C97B445DE819127A4353D9F2 /* Pods-RainbowBarExample.debug.xcconfig */;
			buildSettings = {
				ASSETCATALOG_COMPILER_APPICON_NAME = AppIcon;
				CODE_SIGN_STYLE = Automatic;
				DEVELOPMENT_ASSET_PATHS = "\"RainbowBarExample/Preview Content\"";
				DEVELOPMENT_TEAM = 8X676Z47A4;
				ENABLE_PREVIEWS = YES;
				INFOPLIST_FILE = RainbowBarExample/Info.plist;
				LD_RUNPATH_SEARCH_PATHS = (
					"$(inherited)",
					"@executable_path/Frameworks",
				);
				PRODUCT_BUNDLE_IDENTIFIER = com.distillery.RainbowBarExample;
				PRODUCT_NAME = "$(TARGET_NAME)";
				SWIFT_VERSION = 5.0;
				TARGETED_DEVICE_FAMILY = "1,2";
			};
			name = Debug;
		};
		A3FFE0CB23EDBF2F00D3C7C2 /* Release */ = {
			isa = XCBuildConfiguration;
			baseConfigurationReference = CB88A00206F871D3DB0BECA3 /* Pods-RainbowBarExample.release.xcconfig */;
			buildSettings = {
				ASSETCATALOG_COMPILER_APPICON_NAME = AppIcon;
				CODE_SIGN_STYLE = Automatic;
				DEVELOPMENT_ASSET_PATHS = "\"RainbowBarExample/Preview Content\"";
				DEVELOPMENT_TEAM = 8X676Z47A4;
				ENABLE_PREVIEWS = YES;
				INFOPLIST_FILE = RainbowBarExample/Info.plist;
				LD_RUNPATH_SEARCH_PATHS = (
					"$(inherited)",
					"@executable_path/Frameworks",
				);
				PRODUCT_BUNDLE_IDENTIFIER = com.distillery.RainbowBarExample;
				PRODUCT_NAME = "$(TARGET_NAME)";
				SWIFT_VERSION = 5.0;
				TARGETED_DEVICE_FAMILY = "1,2";
			};
			name = Release;
		};
/* End XCBuildConfiguration section */

/* Begin XCConfigurationList section */
		A3FFE0B023EDBF2B00D3C7C2 /* Build configuration list for PBXProject "RainbowBarExample" */ = {
			isa = XCConfigurationList;
			buildConfigurations = (
				A3FFE0C723EDBF2F00D3C7C2 /* Debug */,
				A3FFE0C823EDBF2F00D3C7C2 /* Release */,
			);
			defaultConfigurationIsVisible = 0;
			defaultConfigurationName = Release;
		};
		A3FFE0C923EDBF2F00D3C7C2 /* Build configuration list for PBXNativeTarget "RainbowBarExample" */ = {
			isa = XCConfigurationList;
			buildConfigurations = (
				A3FFE0CA23EDBF2F00D3C7C2 /* Debug */,
				A3FFE0CB23EDBF2F00D3C7C2 /* Release */,
			);
			defaultConfigurationIsVisible = 0;
			defaultConfigurationName = Release;
		};
/* End XCConfigurationList section */
	};
	rootObject = A3FFE0AD23EDBF2B00D3C7C2 /* Project object */;
}
